{
  "name": "uryung",
  "version": "1.0.0",
  "lockfileVersion": 3,
  "requires": true,
  "packages": {
    "": {
      "version": "1.0.0",
      "license": "ISC",
      "dependencies": {
        "ascii-table": "0.0.9",
        "common-tags": "^1.8.0",
        "discord.js": "^11.5.1",
        "dotenv": "^8.2.0",
        "fs": "0.0.1-security",
        "node-opus": "^0.3.3",
        "random-puppy": "^1.1.0"
      }
    },
    "node_modules/@discordjs/uws": {
      "version": "10.149.0",
      "resolved": "https://registry.npmjs.org/@discordjs/uws/-/uws-10.149.0.tgz",
      "integrity": "sha512-N1wjoAD2DOgzevqzyTOWTgyO2divX03JWNQx4JHm/jQ/BRzZNkhwVRO3RC5Guww+srdgs4Tw4gwrzlJrlOhq/Q==",
      "deprecated": "Package no longer supported. Contact Support at https://www.npmjs.com/support for more info.",
      "hasInstallScript": true,
      "license": "Zlib",
      "peer": true,
      "engines": {
        "node": ">=6.0.0"
      }
    },
    "node_modules/ascii-table": {
      "version": "0.0.9",
      "resolved": "https://registry.npmjs.org/ascii-table/-/ascii-table-0.0.9.tgz",
      "integrity": "sha1-BqZgTWpV1L9BqaR9mHLXp42jHnM="
    },
    "node_modules/async-limiter": {
      "version": "1.0.1",
      "resolved": "https://registry.npmjs.org/async-limiter/-/async-limiter-1.0.1.tgz",
      "integrity": "sha512-csOlWGAcRFJaI6m+F2WKdnMKr4HhdhFVBk0H/QbJFMCr+uO2kwohwXQPxw/9OCxp05r5ghVBFSyioixx3gfkNQ=="
    },
    "node_modules/bindings": {
      "version": "1.2.1",
      "resolved": "https://registry.npmjs.org/bindings/-/bindings-1.2.1.tgz",
      "integrity": "sha1-FK1hE4EtLTfXLme0ystLtyZQXxE="
    },
    "node_modules/capture-stack-trace": {
      "version": "1.0.1",
      "resolved": "https://registry.npmjs.org/capture-stack-trace/-/capture-stack-trace-1.0.1.tgz",
      "integrity": "sha512-mYQLZnx5Qt1JgB1WEiMCf2647plpGeQ2NMR/5L0HNZzGQo4fuSPnK+wjfPnKZV0aiJDgzmWqqkV/g7JD+DW0qw==",
      "engines": {
        "node": ">=0.10.0"
      }
    },
    "node_modules/commander": {
      "version": "2.20.3",
      "resolved": "https://registry.npmjs.org/commander/-/commander-2.20.3.tgz",
      "integrity": "sha512-GpVkmM8vF2vQUkj2LvZmD35JxeJOLCwJ9cUkugyk2nuhbv3+mJvpLYYt+0+USMxE+oj+ey/lJEnhZw75x/OMcQ=="
    },
    "node_modules/common-tags": {
      "version": "1.8.0",
      "resolved": "https://registry.npmjs.org/common-tags/-/common-tags-1.8.0.tgz",
      "integrity": "sha512-6P6g0uetGpW/sdyUy/iQQCbFF0kWVMSIVSyYz7Zgjcgh8mgw8PQzDNZeyZ5DQ2gM7LBoZPHmnjz8rUthkBG5tw==",
      "engines": {
        "node": ">=4.0.0"
      }
    },
    "node_modules/create-error-class": {
      "version": "3.0.2",
      "resolved": "https://registry.npmjs.org/create-error-class/-/create-error-class-3.0.2.tgz",
      "integrity": "sha1-Br56vvlHo/FKMP1hBnHUAbyot7Y=",
      "dependencies": {
        "capture-stack-trace": "^1.0.0"
      },
      "engines": {
        "node": ">=0.10.0"
      }
    },
    "node_modules/debug": {
      "version": "2.6.9",
      "resolved": "https://registry.npmjs.org/debug/-/debug-2.6.9.tgz",
      "integrity": "sha512-bC7ElrdJaJnPbAP+1EotYvqZsb3ecl5wi6Bfi6BJTUcNowp6cvspg0jXznRTKDjm/E7AdgFBVeAPVMNcKGsHMA==",
      "optional": true,
      "dependencies": {
        "ms": "2.0.0"
      }
    },
    "node_modules/discord.js": {
      "version": "11.5.1",
      "resolved": "https://registry.npmjs.org/discord.js/-/discord.js-11.5.1.tgz",
      "integrity": "sha512-tGhV5xaZXE3Z+4uXJb3hYM6gQ1NmnSxp9PClcsSAYFVRzH6AJH74040mO3afPDMWEAlj8XsoPXXTJHTxesqcGw==",
      "deprecated": "no longer supported",
      "dependencies": {
        "long": "^4.0.0",
        "prism-media": "^0.0.3",
        "snekfetch": "^3.6.4",
        "tweetnacl": "^1.0.0",
        "ws": "^6.0.0"
      },
      "engines": {
        "node": ">=6.0.0"
      },
      "peerDependencies": {
        "@discordjs/uws": "^10.149.0",
        "bufferutil": "^4.0.0",
        "erlpack": "discordapp/erlpack",
        "libsodium-wrappers": "^0.7.3",
        "node-opus": "^0.2.7",
        "opusscript": "^0.0.6",
        "sodium": "^2.0.3"
      },
      "peerDependenciesMeta": {
        "bufferutil": {
          "optional": true
        },
        "erlpack": {
          "optional": true
        },
        "libsodium-wrappers": {
          "optional": true
        },
        "node-opus": {
          "optional": true
        },
        "opusscript": {
          "optional": true
        },
        "sodium": {
          "optional": true
        },
        "uws": {
          "optional": true
        }
      }
    },
    "node_modules/dotenv": {
      "version": "8.2.0",
      "resolved": "https://registry.npmjs.org/dotenv/-/dotenv-8.2.0.tgz",
      "integrity": "sha512-8sJ78ElpbDJBHNeBzUbUVLsqKdccaa/BXF1uPTw3GrvQTBgrQrtObr2mUrE38vzYd8cEv+m/JBfDLioYcfXoaw==",
      "engines": {
        "node": ">=8"
      }
    },
    "node_modules/duplexer3": {
      "version": "0.1.4",
      "resolved": "https://registry.npmjs.org/duplexer3/-/duplexer3-0.1.4.tgz",
      "integrity": "sha1-7gHdHKwO08vH/b6jfcCo8c4ALOI="
    },
    "node_modules/eventemitter3": {
      "version": "1.2.0",
      "resolved": "https://registry.npmjs.org/eventemitter3/-/eventemitter3-1.2.0.tgz",
      "integrity": "sha1-HIaZHYFq0eUEdQ5zh0Ik7PO+xQg="
    },
    "node_modules/fs": {
      "version": "0.0.1-security",
      "resolved": "https://registry.npmjs.org/fs/-/fs-0.0.1-security.tgz",
      "integrity": "sha1-invTcYa23d84E/I4WLV+yq9eQdQ="
    },
    "node_modules/get-stream": {
      "version": "3.0.0",
      "resolved": "https://registry.npmjs.org/get-stream/-/get-stream-3.0.0.tgz",
      "integrity": "sha1-jpQ9E1jcN1VQVOy+LtsFqhdO3hQ=",
      "engines": {
        "node": ">=4"
      }
    },
    "node_modules/got": {
      "version": "6.7.1",
      "resolved": "https://registry.npmjs.org/got/-/got-6.7.1.tgz",
      "integrity": "sha1-JAzQV4WpoY5WHcG0S0HHY+8ejbA=",
      "dependencies": {
        "create-error-class": "^3.0.0",
        "duplexer3": "^0.1.4",
        "get-stream": "^3.0.0",
        "is-redirect": "^1.0.0",
        "is-retry-allowed": "^1.0.0",
        "is-stream": "^1.0.0",
        "lowercase-keys": "^1.0.0",
        "safe-buffer": "^5.0.1",
        "timed-out": "^4.0.0",
        "unzip-response": "^2.0.1",
        "url-parse-lax": "^1.0.0"
      },
      "engines": {
        "node": ">=4"
      }
    },
    "node_modules/is-redirect": {
      "version": "1.0.0",
      "resolved": "https://registry.npmjs.org/is-redirect/-/is-redirect-1.0.0.tgz",
      "integrity": "sha1-HQPd7VO9jbDzDCbk+V02/HyH3CQ=",
      "engines": {
        "node": ">=0.10.0"
      }
    },
    "node_modules/is-retry-allowed": {
      "version": "1.2.0",
      "resolved": "https://registry.npmjs.org/is-retry-allowed/-/is-retry-allowed-1.2.0.tgz",
      "integrity": "sha512-RUbUeKwvm3XG2VYamhJL1xFktgjvPzL0Hq8C+6yrWIswDy3BIXGqCxhxkc30N9jqK311gVU137K8Ei55/zVJRg==",
      "engines": {
        "node": ">=0.10.0"
      }
    },
    "node_modules/is-stream": {
      "version": "1.1.0",
      "resolved": "https://registry.npmjs.org/is-stream/-/is-stream-1.1.0.tgz",
      "integrity": "sha1-EtSj3U5o4Lec6428hBc66A2RykQ=",
      "engines": {
        "node": ">=0.10.0"
      }
    },
    "node_modules/long": {
      "version": "4.0.0",
      "resolved": "https://registry.npmjs.org/long/-/long-4.0.0.tgz",
      "integrity": "sha512-XsP+KhQif4bjX1kbuSiySJFNAehNxgLb6hPRGJ9QsUr8ajHkuXGdrHmFUTUUXhDwVX2R5bY4JNZEwbUiMhV+MA=="
    },
    "node_modules/lowercase-keys": {
      "version": "1.0.1",
      "resolved": "https://registry.npmjs.org/lowercase-keys/-/lowercase-keys-1.0.1.tgz",
      "integrity": "sha512-G2Lj61tXDnVFFOi8VZds+SoQjtQC3dgokKdDG2mTm1tx4m50NUHBOZSBwQQHyy0V12A0JTG4icfZQH+xPyh8VA==",
      "engines": {
        "node": ">=0.10.0"
      }
    },
    "node_modules/ms": {
      "version": "2.0.0",
      "resolved": "https://registry.npmjs.org/ms/-/ms-2.0.0.tgz",
      "integrity": "sha1-VgiurfwAvmwpAd9fmGF4jeDVl8g=",
      "optional": true
    },
    "node_modules/nan": {
      "version": "2.14.0",
      "resolved": "https://registry.npmjs.org/nan/-/nan-2.14.0.tgz",
      "integrity": "sha512-INOFj37C7k3AfaNTtX8RhsTw7qRy7eLET14cROi9+5HAVbbHuIWUHEauBv5qT4Av2tWasiTY1Jw6puUNqRJXQg=="
    },
    "node_modules/node-opus": {
      "version": "0.3.3",
      "resolved": "https://registry.npmjs.org/node-opus/-/node-opus-0.3.3.tgz",
      "integrity": "sha512-ZQniA8iJ6y/qOTmW6eyzM9m8odt4CIGV0NM9/U03/pYLhGyxy18QXO25WfrWd8XsUYx57tnxll2xxj54CN08uQ==",
      "cpu": [
        "x64",
        "arm",
        "arm64",
        "ia32"
      ],
      "deprecated": "This project is unmaintained. See @discordjs/opus for an alternative.",
      "hasInstallScript": true,
      "os": [
        "linux",
        "darwin",
        "win32",
        "freebsd",
        "android"
      ],
      "dependencies": {
        "bindings": "~1.2.1",
        "commander": "^2.9.0",
        "nan": "^2.14.0"
      },
      "engines": {
        "node": ">=5.10.0"
      },
      "optionalDependencies": {
        "ogg-packet": "^1.0.0"
      }
    },
    "node_modules/ogg-packet": {
      "version": "1.0.1",
      "resolved": "https://registry.npmjs.org/ogg-packet/-/ogg-packet-1.0.1.tgz",
      "integrity": "sha512-dW1ok3BMnMikyXGDIgVEckWnlViW8JLWQV4qj9aN/rNRVqHlDYSlcIEtSIMH7tpuUOiIxAhY3+OxNdIOm6s17A==",
      "optional": true,
      "dependencies": {
        "ref-struct": "*"
      }
    },
    "node_modules/prepend-http": {
      "version": "1.0.4",
      "resolved": "https://registry.npmjs.org/prepend-http/-/prepend-http-1.0.4.tgz",
      "integrity": "sha1-1PRWKwzjaW5BrFLQ4ALlemNdxtw=",
      "engines": {
        "node": ">=0.10.0"
      }
    },
    "node_modules/prism-media": {
      "version": "0.0.3",
      "resolved": "https://registry.npmjs.org/prism-media/-/prism-media-0.0.3.tgz",
      "integrity": "sha512-c9KkNifSMU/iXT8FFTaBwBMr+rdVcN+H/uNv1o+CuFeTThNZNTOrQ+RgXA1yL/DeLk098duAeRPP3QNPNbhxYQ=="
    },
    "node_modules/random-puppy": {
      "version": "1.1.0",
      "resolved": "https://registry.npmjs.org/random-puppy/-/random-puppy-1.1.0.tgz",
      "integrity": "sha1-GtqjTA83bVArWdb9gifqYaRUmTs=",
      "dependencies": {
        "eventemitter3": "^1.2.0",
        "got": "^6.3.0",
        "unique-random-array": "^1.0.0"
      },
      "engines": {
        "node": ">=4.0.0"
      }
    },
    "node_modules/ref": {
      "version": "1.3.5",
      "resolved": "https://registry.npmjs.org/ref/-/ref-1.3.5.tgz",
      "integrity": "sha512-2cBCniTtxcGUjDpvFfVpw323a83/0RLSGJJY5l5lcomZWhYpU2cuLdsvYqMixvsdLJ9+sTdzEkju8J8ZHDM2nA==",
      "hasInstallScript": true,
      "optional": true,
      "dependencies": {
        "bindings": "1",
        "debug": "2",
        "nan": "2"
      }
    },
    "node_modules/ref-struct": {
      "version": "1.1.0",
      "resolved": "https://registry.npmjs.org/ref-struct/-/ref-struct-1.1.0.tgz",
      "integrity": "sha1-XV7mWtQc78Olxf60BYcmHkee3BM=",
      "optional": true,
      "dependencies": {
        "debug": "2",
        "ref": "1"
      }
    },
    "node_modules/safe-buffer": {
      "version": "5.2.0",
      "resolved": "https://registry.npmjs.org/safe-buffer/-/safe-buffer-5.2.0.tgz",
      "integrity": "sha512-fZEwUGbVl7kouZs1jCdMLdt95hdIv0ZeHg6L7qPeciMZhZ+/gdesW4wgTARkrFWEpspjEATAzUGPG8N2jJiwbg=="
    },
    "node_modules/snekfetch": {
      "version": "3.6.4",
      "resolved": "https://registry.npmjs.org/snekfetch/-/snekfetch-3.6.4.tgz",
      "integrity": "sha512-NjxjITIj04Ffqid5lqr7XdgwM7X61c/Dns073Ly170bPQHLm6jkmelye/eglS++1nfTWktpP6Y2bFXjdPlQqdw==",
      "deprecated": "use node-fetch instead"
    },
    "node_modules/timed-out": {
      "version": "4.0.1",
      "resolved": "https://registry.npmjs.org/timed-out/-/timed-out-4.0.1.tgz",
      "integrity": "sha1-8y6srFoXW+ol1/q1Zas+2HQe9W8=",
      "engines": {
        "node": ">=0.10.0"
      }
    },
    "node_modules/tweetnacl": {
      "version": "1.0.1",
      "resolved": "https://registry.npmjs.org/tweetnacl/-/tweetnacl-1.0.1.tgz",
      "integrity": "sha512-kcoMoKTPYnoeS50tzoqjPY3Uv9axeuuFAZY9M/9zFnhoVvRfxz9K29IMPD7jGmt2c8SW7i3gT9WqDl2+nV7p4A=="
    },
    "node_modules/unique-random": {
      "version": "1.0.0",
      "resolved": "https://registry.npmjs.org/unique-random/-/unique-random-1.0.0.tgz",
      "integrity": "sha1-zj4iTIJCzTOg53sNcYDXfmti0MQ=",
      "engines": {
        "node": ">=0.10.0"
      }
    },
    "node_modules/unique-random-array": {
      "version": "1.0.1",
      "resolved": "https://registry.npmjs.org/unique-random-array/-/unique-random-array-1.0.1.tgz",
      "integrity": "sha512-z9J/SV8CUIhIRROcHe9YUoAT6XthUJt0oUyLGgobiXJprDP9O9dsErNevvSaAv5BkhwFEVPn6nIEOKeNE6Ck1Q==",
      "dependencies": {
        "unique-random": "^1.0.0"
      },
      "engines": {
        "node": ">=0.10.0"
      }
    },
    "node_modules/unzip-response": {
      "version": "2.0.1",
      "resolved": "https://registry.npmjs.org/unzip-response/-/unzip-response-2.0.1.tgz",
      "integrity": "sha1-0vD3N9FrBhXnKmk17QQhRXLVb5c=",
      "engines": {
        "node": ">=4"
      }
    },
    "node_modules/url-parse-lax": {
      "version": "1.0.0",
      "resolved": "https://registry.npmjs.org/url-parse-lax/-/url-parse-lax-1.0.0.tgz",
      "integrity": "sha1-evjzA2Rem9eaJy56FKxovAYJ2nM=",
      "dependencies": {
        "prepend-http": "^1.0.1"
      },
      "engines": {
        "node": ">=0.10.0"
      }
    },
    "node_modules/ws": {
      "version": "6.2.3",
      "resolved": "https://registry.npmjs.org/ws/-/ws-6.2.3.tgz",
      "integrity": "sha512-jmTjYU0j60B+vHey6TfR3Z7RD61z/hmxBS3VMSGIrroOWXQEneK1zNuotOUrGyBHQj0yrpsLHPWtigEFd13ndA==",
      "license": "MIT",
      "dependencies": {
        "async-limiter": "~1.0.0"
      }
    }
  }
}
